{
  "name": "html5-bombergirl",
  "version": "1.0.0",
  "lockfileVersion": 1,
  "requires": true,
  "dependencies": {
    "easeljs": {
      "version": "1.0.1",
      "resolved": "https://artifactory.palantir.build/artifactory/api/npm/all-npm/easeljs/-/easeljs-1.0.1.tgz",
      "integrity": "sha1-wCvH23jqEnohcuaTDHFgx2vJ25M="
    },
    "preloadjs": {
      "version": "1.0.1",
      "resolved": "https://artifactory.palantir.build/artifactory/api/npm/all-npm/preloadjs/-/preloadjs-1.0.1.tgz",
      "integrity": "sha1-cdFOlKjJSx9t7ysBiR1rzX54jF0="
    },
    "soundjs": {
      "version": "1.0.1",
      "resolved": "https://artifactory.palantir.build/artifactory/api/npm/all-npm/soundjs/-/soundjs-1.0.1.tgz",
      "integrity": "sha1-mZcFQtKNDfKh69BhrnXJYamMgYA="
    }
  }
}
